// !$*UTF8*$!
{
	archiveVersion = 1;
	classes = {
	};
	objectVersion = 46;
	objects = {

/* Begin PBXBuildFile section */
		0FD5313E1C8C777300C4657A /* AppDelegate.swift in Sources */ = {isa = PBXBuildFile; fileRef = 0FD5313D1C8C777300C4657A /* AppDelegate.swift */; };
		0FD531401C8C777300C4657A /* ViewController.swift in Sources */ = {isa = PBXBuildFile; fileRef = 0FD5313F1C8C777300C4657A /* ViewController.swift */; };
		0FD531431C8C777300C4657A /* Main.storyboard in Resources */ = {isa = PBXBuildFile; fileRef = 0FD531411C8C777300C4657A /* Main.storyboard */; };
		0FD531451C8C777300C4657A /* Assets.xcassets in Resources */ = {isa = PBXBuildFile; fileRef = 0FD531441C8C777300C4657A /* Assets.xcassets */; };
		0FD531481C8C777300C4657A /* LaunchScreen.storyboard in Resources */ = {isa = PBXBuildFile; fileRef = 0FD531461C8C777300C4657A /* LaunchScreen.storyboard */; };
		0FD531531C8C777300C4657A /* Illinois_TriviaTests.swift in Sources */ = {isa = PBXBuildFile; fileRef = 0FD531521C8C777300C4657A /* Illinois_TriviaTests.swift */; };
		0FD5315E1C8C777300C4657A /* Illinois_TriviaUITests.swift in Sources */ = {isa = PBXBuildFile; fileRef = 0FD5315D1C8C777300C4657A /* Illinois_TriviaUITests.swift */; };
		0FD5316C1C8C7AE800C4657A /* ILcounties.plist in Resources */ = {isa = PBXBuildFile; fileRef = 0FD5316B1C8C7AE800C4657A /* ILcounties.plist */; };
/* End PBXBuildFile section */

/* Begin PBXContainerItemProxy section */
		0FD5314F1C8C777300C4657A /* PBXContainerItemProxy */ = {
			isa = PBXContainerItemProxy;
			containerPortal = 0FD531321C8C777300C4657A /* Project object */;
			proxyType = 1;
			remoteGlobalIDString = 0FD531391C8C777300C4657A;
			remoteInfo = "Illinois Trivia";
		};
		0FD5315A1C8C777300C4657A /* PBXContainerItemProxy */ = {
			isa = PBXContainerItemProxy;
			containerPortal = 0FD531321C8C777300C4657A /* Project object */;
			proxyType = 1;
			remoteGlobalIDString = 0FD531391C8C777300C4657A;
			remoteInfo = "Illinois Trivia";
		};
/* End PBXContainerItemProxy section */

/* Begin PBXFileReference section */
		0FD5313A1C8C777300C4657A /* Illinois Trivia.app */ = {isa = PBXFileReference; explicitFileType = wrapper.application; includeInIndex = 0; path = "Illinois Trivia.app"; sourceTree = BUILT_PRODUCTS_DIR; };
		0FD5313D1C8C777300C4657A /* AppDelegate.swift */ = {isa = PBXFileReference; lastKnownFileType = sourcecode.swift; path = AppDelegate.swift; sourceTree = "<group>"; };
		0FD5313F1C8C777300C4657A /* ViewController.swift */ = {isa = PBXFileReference; lastKnownFileType = sourcecode.swift; path = ViewController.swift; sourceTree = "<group>"; };
		0FD531421C8C777300C4657A /* Base */ = {isa = PBXFileReference; lastKnownFileType = file.storyboard; name = Base; path = Base.lproj/Main.storyboard; sourceTree = "<group>"; };
		0FD531441C8C777300C4657A /* Assets.xcassets */ = {isa = PBXFileReference; lastKnownFileType = folder.assetcatalog; path = Assets.xcassets; sourceTree = "<group>"; };
		0FD531471C8C777300C4657A /* Base */ = {isa = PBXFileReference; lastKnownFileType = file.storyboard; name = Base; path = Base.lproj/LaunchScreen.storyboard; sourceTree = "<group>"; };
		0FD531491C8C777300C4657A /* Info.plist */ = {isa = PBXFileReference; lastKnownFileType = text.plist.xml; path = Info.plist; sourceTree = "<group>"; };
		0FD5314E1C8C777300C4657A /* Illinois TriviaTests.xctest */ = {isa = PBXFileReference; explicitFileType = wrapper.cfbundle; includeInIndex = 0; path = "Illinois TriviaTests.xctest"; sourceTree = BUILT_PRODUCTS_DIR; };
		0FD531521C8C777300C4657A /* Illinois_TriviaTests.swift */ = {isa = PBXFileReference; lastKnownFileType = sourcecode.swift; path = Illinois_TriviaTests.swift; sourceTree = "<group>"; };
		0FD531541C8C777300C4657A /* Info.plist */ = {isa = PBXFileReference; lastKnownFileType = text.plist.xml; path = Info.plist; sourceTree = "<group>"; };
		0FD531591C8C777300C4657A /* Illinois TriviaUITests.xctest */ = {isa = PBXFileReference; explicitFileType = wrapper.cfbundle; includeInIndex = 0; path = "Illinois TriviaUITests.xctest"; sourceTree = BUILT_PRODUCTS_DIR; };
		0FD5315D1C8C777300C4657A /* Illinois_TriviaUITests.swift */ = {isa = PBXFileReference; lastKnownFileType = sourcecode.swift; path = Illinois_TriviaUITests.swift; sourceTree = "<group>"; };
		0FD5315F1C8C777300C4657A /* Info.plist */ = {isa = PBXFileReference; lastKnownFileType = text.plist.xml; path = Info.plist; sourceTree = "<group>"; };
		0FD5316B1C8C7AE800C4657A /* ILcounties.plist */ = {isa = PBXFileReference; fileEncoding = 4; lastKnownFileType = text.plist.xml; path = ILcounties.plist; sourceTree = "<group>"; };
/* End PBXFileReference section */

/* Begin PBXFrameworksBuildPhase section */
		0FD531371C8C777300C4657A /* Frameworks */ = {
			isa = PBXFrameworksBuildPhase;
			buildActionMask = 2147483647;
			files = (
			);
			runOnlyForDeploymentPostprocessing = 0;
		};
		0FD5314B1C8C777300C4657A /* Frameworks */ = {
			isa = PBXFrameworksBuildPhase;
			buildActionMask = 2147483647;
			files = (
			);
			runOnlyForDeploymentPostprocessing = 0;
		};
		0FD531561C8C777300C4657A /* Frameworks */ = {
			isa = PBXFrameworksBuildPhase;
			buildActionMask = 2147483647;
			files = (
			);
			runOnlyForDeploymentPostprocessing = 0;
		};
/* End PBXFrameworksBuildPhase section */

/* Begin PBXGroup section */
		0FD531311C8C777300C4657A = {
			isa = PBXGroup;
			children = (
				0FD5313C1C8C777300C4657A /* Illinois Trivia */,
				0FD531511C8C777300C4657A /* Illinois TriviaTests */,
				0FD5315C1C8C777300C4657A /* Illinois TriviaUITests */,
				0FD5313B1C8C777300C4657A /* Products */,
			);
			sourceTree = "<group>";
		};
		0FD5313B1C8C777300C4657A /* Products */ = {
			isa = PBXGroup;
			children = (
				0FD5313A1C8C777300C4657A /* Illinois Trivia.app */,
				0FD5314E1C8C777300C4657A /* Illinois TriviaTests.xctest */,
				0FD531591C8C777300C4657A /* Illinois TriviaUITests.xctest */,
			);
			name = Products;
			sourceTree = "<group>";
		};
		0FD5313C1C8C777300C4657A /* Illinois Trivia */ = {
			isa = PBXGroup;
			children = (
				0FD5313D1C8C777300C4657A /* AppDelegate.swift */,
				0FD5313F1C8C777300C4657A /* ViewController.swift */,
				0FD531411C8C777300C4657A /* Main.storyboard */,
				0FD5316B1C8C7AE800C4657A /* ILcounties.plist */,
				0FD531441C8C777300C4657A /* Assets.xcassets */,
				0FD531461C8C777300C4657A /* LaunchScreen.storyboard */,
				0FD531491C8C777300C4657A /* Info.plist */,
			);
			path = "Illinois Trivia";
			sourceTree = "<group>";
		};
		0FD531511C8C777300C4657A /* Illinois TriviaTests */ = {
			isa = PBXGroup;
			children = (
				0FD531521C8C777300C4657A /* Illinois_TriviaTests.swift */,
				0FD531541C8C777300C4657A /* Info.plist */,
			);
			path = "Illinois TriviaTests";
			sourceTree = "<group>";
		};
		0FD5315C1C8C777300C4657A /* Illinois TriviaUITests */ = {
			isa = PBXGroup;
			children = (
				0FD5315D1C8C777300C4657A /* Illinois_TriviaUITests.swift */,
				0FD5315F1C8C777300C4657A /* Info.plist */,
			);
			path = "Illinois TriviaUITests";
			sourceTree = "<group>";
		};
/* End PBXGroup section */

/* Begin PBXNativeTarget section */
		0FD531391C8C777300C4657A /* Illinois Trivia */ = {
			isa = PBXNativeTarget;
			buildConfigurationList = 0FD531621C8C777300C4657A /* Build configuration list for PBXNativeTarget "Illinois Trivia" */;
			buildPhases = (
				0FD531361C8C777300C4657A /* Sources */,
				0FD531371C8C777300C4657A /* Frameworks */,
				0FD531381C8C777300C4657A /* Resources */,
			);
			buildRules = (
			);
			dependencies = (
			);
			name = "Illinois Trivia";
			productName = "Illinois Trivia";
			productReference = 0FD5313A1C8C777300C4657A /* Illinois Trivia.app */;
			productType = "com.apple.product-type.application";
		};
		0FD5314D1C8C777300C4657A /* Illinois TriviaTests */ = {
			isa = PBXNativeTarget;
			buildConfigurationList = 0FD531651C8C777300C4657A /* Build configuration list for PBXNativeTarget "Illinois TriviaTests" */;
			buildPhases = (
				0FD5314A1C8C777300C4657A /* Sources */,
				0FD5314B1C8C777300C4657A /* Frameworks */,
				0FD5314C1C8C777300C4657A /* Resources */,
			);
			buildRules = (
			);
			dependencies = (
				0FD531501C8C777300C4657A /* PBXTargetDependency */,
			);
			name = "Illinois TriviaTests";
			productName = "Illinois TriviaTests";
			productReference = 0FD5314E1C8C777300C4657A /* Illinois TriviaTests.xctest */;
			productType = "com.apple.product-type.bundle.unit-test";
		};
		0FD531581C8C777300C4657A /* Illinois TriviaUITests */ = {
			isa = PBXNativeTarget;
			buildConfigurationList = 0FD531681C8C777300C4657A /* Build configuration list for PBXNativeTarget "Illinois TriviaUITests" */;
			buildPhases = (
				0FD531551C8C777300C4657A /* Sources */,
				0FD531561C8C777300C4657A /* Frameworks */,
				0FD531571C8C777300C4657A /* Resources */,
			);
			buildRules = (
			);
			dependencies = (
				0FD5315B1C8C777300C4657A /* PBXTargetDependency */,
			);
			name = "Illinois TriviaUITests";
			productName = "Illinois TriviaUITests";
			productReference = 0FD531591C8C777300C4657A /* Illinois TriviaUITests.xctest */;
			productType = "com.apple.product-type.bundle.ui-testing";
		};
/* End PBXNativeTarget section */

/* Begin PBXProject section */
		0FD531321C8C777300C4657A /* Project object */ = {
			isa = PBXProject;
			attributes = {
				LastSwiftUpdateCheck = 0720;
				LastUpgradeCheck = 0720;
				ORGANIZATIONNAME = "Weber Solutions";
				TargetAttributes = {
					0FD531391C8C777300C4657A = {
						CreatedOnToolsVersion = 7.2;
						DevelopmentTeam = 2RY89Q7RCD;
					};
					0FD5314D1C8C777300C4657A = {
						CreatedOnToolsVersion = 7.2;
						DevelopmentTeam = 2RY89Q7RCD;
						TestTargetID = 0FD531391C8C777300C4657A;
					};
					0FD531581C8C777300C4657A = {
						CreatedOnToolsVersion = 7.2;
						DevelopmentTeam = 2RY89Q7RCD;
						TestTargetID = 0FD531391C8C777300C4657A;
					};
				};
			};
			buildConfigurationList = 0FD531351C8C777300C4657A /* Build configuration list for PBXProject "Illinois Trivia" */;
			compatibilityVersion = "Xcode 3.2";
			developmentRegion = English;
			hasScannedForEncodings = 0;
			knownRegions = (
				en,
				Base,
			);
			mainGroup = 0FD531311C8C777300C4657A;
			productRefGroup = 0FD5313B1C8C777300C4657A /* Products */;
			projectDirPath = "";
			projectRoot = "";
			targets = (
				0FD531391C8C777300C4657A /* Illinois Trivia */,
				0FD5314D1C8C777300C4657A /* Illinois TriviaTests */,
				0FD531581C8C777300C4657A /* Illinois TriviaUITests */,
			);
		};
/* End PBXProject section */

/* Begin PBXResourcesBuildPhase section */
		0FD531381C8C777300C4657A /* Resources */ = {
			isa = PBXResourcesBuildPhase;
			buildActionMask = 2147483647;
			files = (
				0FD531481C8C777300C4657A /* LaunchScreen.storyboard in Resources */,
				0FD5316C1C8C7AE800C4657A /* ILcounties.plist in Resources */,
				0FD531451C8C777300C4657A /* Assets.xcassets in Resources */,
				0FD531431C8C777300C4657A /* Main.storyboard in Resources */,
			);
			runOnlyForDeploymentPostprocessing = 0;
		};
		0FD5314C1C8C777300C4657A /* Resources */ = {
			isa = PBXResourcesBuildPhase;
			buildActionMask = 2147483647;
			files = (
			);
			runOnlyForDeploymentPostprocessing = 0;
		};
		0FD531571C8C777300C4657A /* Resources */ = {
			isa = PBXResourcesBuildPhase;
			buildActionMask = 2147483647;
			files = (
			);
			runOnlyForDeploymentPostprocessing = 0;
		};
/* End PBXResourcesBuildPhase section */

/* Begin PBXSourcesBuildPhase section */
		0FD531361C8C777300C4657A /* Sources */ = {
			isa = PBXSourcesBuildPhase;
			buildActionMask = 2147483647;
			files = (
				0FD531401C8C777300C4657A /* ViewController.swift in Sources */,
				0FD5313E1C8C777300C4657A /* AppDelegate.swift in Sources */,
			);
			runOnlyForDeploymentPostprocessing = 0;
		};
		0FD5314A1C8C777300C4657A /* Sources */ = {
			isa = PBXSourcesBuildPhase;
			buildActionMask = 2147483647;
			files = (
				0FD531531C8C777300C4657A /* Illinois_TriviaTests.swift in Sources */,
			);
			runOnlyForDeploymentPostprocessing = 0;
		};
		0FD531551C8C777300C4657A /* Sources */ = {
			isa = PBXSourcesBuildPhase;
			buildActionMask = 2147483647;
			files = (
				0FD5315E1C8C777300C4657A /* Illinois_TriviaUITests.swift in Sources */,
			);
			runOnlyForDeploymentPostprocessing = 0;
		};
/* End PBXSourcesBuildPhase section */

/* Begin PBXTargetDependency section */
		0FD531501C8C777300C4657A /* PBXTargetDependency */ = {
			isa = PBXTargetDependency;
			target = 0FD531391C8C777300C4657A /* Illinois Trivia */;
			targetProxy = 0FD5314F1C8C777300C4657A /* PBXContainerItemProxy */;
		};
		0FD5315B1C8C777300C4657A /* PBXTargetDependency */ = {
			isa = PBXTargetDependency;
			target = 0FD531391C8C777300C4657A /* Illinois Trivia */;
			targetProxy = 0FD5315A1C8C777300C4657A /* PBXContainerItemProxy */;
		};
/* End PBXTargetDependency section */

/* Begin PBXVariantGroup section */
		0FD531411C8C777300C4657A /* Main.storyboard */ = {
			isa = PBXVariantGroup;
			children = (
				0FD531421C8C777300C4657A /* Base */,
			);
			name = Main.storyboard;
			sourceTree = "<group>";
		};
		0FD531461C8C777300C4657A /* LaunchScreen.storyboard */ = {
			isa = PBXVariantGroup;
			children = (
				0FD531471C8C777300C4657A /* Base */,
			);
			name = LaunchScreen.storyboard;
			sourceTree = "<group>";
		};
/* End PBXVariantGroup section */

/* Begin XCBuildConfiguration section */
		0FD531601C8C777300C4657A /* Debug */ = {
			isa = XCBuildConfiguration;
			buildSettings = {
				ALWAYS_SEARCH_USER_PATHS = NO;
				CLANG_CXX_LANGUAGE_STANDARD = "gnu++0x";
				CLANG_CXX_LIBRARY = "libc++";
				CLANG_ENABLE_MODULES = YES;
				CLANG_ENABLE_OBJC_ARC = YES;
				CLANG_WARN_BOOL_CONVERSION = YES;
				CLANG_WARN_CONSTANT_CONVERSION = YES;
				CLANG_WARN_DIRECT_OBJC_ISA_USAGE = YES_ERROR;
				CLANG_WARN_EMPTY_BODY = YES;
				CLANG_WARN_ENUM_CONVERSION = YES;
				CLANG_WARN_INT_CONVERSION = YES;
				CLANG_WARN_OBJC_ROOT_CLASS = YES_ERROR;
				CLANG_WARN_UNREACHABLE_CODE = YES;
				CLANG_WARN__DUPLICATE_METHOD_MATCH = YES;
				"CODE_SIGN_IDENTITY[sdk=iphoneos*]" = "iPhone Developer";
				COPY_PHASE_STRIP = NO;
				DEBUG_INFORMATION_FORMAT = dwarf;
				ENABLE_STRICT_OBJC_MSGSEND = YES;
				ENABLE_TESTABILITY = YES;
				GCC_C_LANGUAGE_STANDARD = gnu99;
				GCC_DYNAMIC_NO_PIC = NO;
				GCC_NO_COMMON_BLOCKS = YES;
				GCC_OPTIMIZATION_LEVEL = 0;
				GCC_PREPROCESSOR_DEFINITIONS = (
					"DEBUG=1",
					"$(inherited)",
				);
				GCC_WARN_64_TO_32_BIT_CONVERSION = YES;
				GCC_WARN_ABOUT_RETURN_TYPE = YES_ERROR;
				GCC_WARN_UNDECLARED_SELECTOR = YES;
				GCC_WARN_UNINITIALIZED_AUTOS = YES_AGGRESSIVE;
				GCC_WARN_UNUSED_FUNCTION = YES;
				GCC_WARN_UNUSED_VARIABLE = YES;
				IPHONEOS_DEPLOYMENT_TARGET = 9.2;
				MTL_ENABLE_DEBUG_INFO = YES;
				ONLY_ACTIVE_ARCH = YES;
				SDKROOT = iphoneos;
				SWIFT_OPTIMIZATION_LEVEL = "-Onone";
			};
			name = Debug;
		};
		0FD531611C8C777300C4657A /* Release */ = {
			isa = XCBuildConfiguration;
			buildSettings = {
				ALWAYS_SEARCH_USER_PATHS = NO;
				CLANG_CXX_LANGUAGE_STANDARD = "gnu++0x";
				CLANG_CXX_LIBRARY = "libc++";
				CLANG_ENABLE_MODULES = YES;
				CLANG_ENABLE_OBJC_ARC = YES;
				CLANG_WARN_BOOL_CONVERSION = YES;
				CLANG_WARN_CONSTANT_CONVERSION = YES;
				CLANG_WARN_DIRECT_OBJC_ISA_USAGE = YES_ERROR;
				CLANG_WARN_EMPTY_BODY = YES;
				CLANG_WARN_ENUM_CONVERSION = YES;
				CLANG_WARN_INT_CONVERSION = YES;
				CLANG_WARN_OBJC_ROOT_CLASS = YES_ERROR;
				CLANG_WARN_UNREACHABLE_CODE = YES;
				CLANG_WARN__DUPLICATE_METHOD_MATCH = YES;
				"CODE_SIGN_IDENTITY[sdk=iphoneos*]" = "iPhone Developer";
				COPY_PHASE_STRIP = NO;
				DEBUG_INFORMATION_FORMAT = "dwarf-with-dsym";
				ENABLE_NS_ASSERTIONS = NO;
				ENABLE_STRICT_OBJC_MSGSEND = YES;
				GCC_C_LANGUAGE_STANDARD = gnu99;
				GCC_NO_COMMON_BLOCKS = YES;
				GCC_WARN_64_TO_32_BIT_CONVERSION = YES;
				GCC_WARN_ABOUT_RETURN_TYPE = YES_ERROR;
				GCC_WARN_UNDECLARED_SELECTOR = YES;
				GCC_WARN_UNINITIALIZED_AUTOS = YES_AGGRESSIVE;
				GCC_WARN_UNUSED_FUNCTION = YES;
				GCC_WARN_UNUSED_VARIABLE = YES;
				IPHONEOS_DEPLOYMENT_TARGET = 9.2;
				MTL_ENABLE_DEBUG_INFO = NO;
				SDKROOT = iphoneos;
				VALIDATE_PRODUCT = YES;
			};
			name = Release;
		};
		0FD531631C8C777300C4657A /* Debug */ = {
			isa = XCBuildConfiguration;
			buildSettings = {
				ASSETCATALOG_COMPILER_APPICON_NAME = AppIcon;
				INFOPLIST_FILE = "Illinois Trivia/Info.plist";
				LD_RUNPATH_SEARCH_PATHS = "$(inherited) @executable_path/Frameworks";
				PRODUCT_BUNDLE_IDENTIFIER = "com.WeberSolutions.Illinois-Trivia";
				PRODUCT_NAME = "$(TARGET_NAME)";
			};
			name = Debug;
		};
		0FD531641C8C777300C4657A /* Release */ = {
			isa = XCBuildConfiguration;
			buildSettings = {
				ASSETCATALOG_COMPILER_APPICON_NAME = AppIcon;
				INFOPLIST_FILE = "Illinois Trivia/Info.plist";
				LD_RUNPATH_SEARCH_PATHS = "$(inherited) @executable_path/Frameworks";
				PRODUCT_BUNDLE_IDENTIFIER = "com.WeberSolutions.Illinois-Trivia";
				PRODUCT_NAME = "$(TARGET_NAME)";
			};
			name = Release;
		};
		0FD531661C8C777300C4657A /* Debug */ = {
			isa = XCBuildConfiguration;
			buildSettings = {
				BUNDLE_LOADER = "$(TEST_HOST)";
				INFOPLIST_FILE = "Illinois TriviaTests/Info.plist";
				LD_RUNPATH_SEARCH_PATHS = "$(inherited) @executable_path/Frameworks @loader_path/Frameworks";
				PRODUCT_BUNDLE_IDENTIFIER = "com.WeberSolutions.Illinois-TriviaTests";
				PRODUCT_NAME = "$(TARGET_NAME)";
				TEST_HOST = "$(BUILT_PRODUCTS_DIR)/Illinois Trivia.app/Illinois Trivia";
			};
			name = Debug;
		};
		0FD531671C8C777300C4657A /* Release */ = {
			isa = XCBuildConfiguration;
			buildSettings = {
				BUNDLE_LOADER = "$(TEST_HOST)";
				INFOPLIST_FILE = "Illinois TriviaTests/Info.plist";
				LD_RUNPATH_SEARCH_PATHS = "$(inherited) @executable_path/Frameworks @loader_path/Frameworks";
				PRODUCT_BUNDLE_IDENTIFIER = "com.WeberSolutions.Illinois-TriviaTests";
				PRODUCT_NAME = "$(TARGET_NAME)";
				TEST_HOST = "$(BUILT_PRODUCTS_DIR)/Illinois Trivia.app/Illinois Trivia";
			};
			name = Release;
		};
		0FD531691C8C777300C4657A /* Debug */ = {
			isa = XCBuildConfiguration;
			buildSettings = {
				INFOPLIST_FILE = "Illinois TriviaUITests/Info.plist";
				LD_RUNPATH_SEARCH_PATHS = "$(inherited) @executable_path/Frameworks @loader_path/Frameworks";
				PRODUCT_BUNDLE_IDENTIFIER = "com.WeberSolutions.Illinois-TriviaUITests";
				PRODUCT_NAME = "$(TARGET_NAME)";
				TEST_TARGET_NAME = "Illinois Trivia";
				USES_XCTRUNNER = YES;
			};
			name = Debug;
		};
		0FD5316A1C8C777300C4657A /* Release */ = {
			isa = XCBuildConfiguration;
			buildSettings = {
				INFOPLIST_FILE = "Illinois TriviaUITests/Info.plist";
				LD_RUNPATH_SEARCH_PATHS = "$(inherited) @executable_path/Frameworks @loader_path/Frameworks";
				PRODUCT_BUNDLE_IDENTIFIER = "com.WeberSolutions.Illinois-TriviaUITests";
				PRODUCT_NAME = "$(TARGET_NAME)";
				TEST_TARGET_NAME = "Illinois Trivia";
				USES_XCTRUNNER = YES;
			};
			name = Release;
		};
/* End XCBuildConfiguration section */

/* Begin XCConfigurationList section */
		0FD531351C8C777300C4657A /* Build configuration list for PBXProject "Illinois Trivia" */ = {
			isa = XCConfigurationList;
			buildConfigurations = (
				0FD531601C8C777300C4657A /* Debug */,
				0FD531611C8C777300C4657A /* Release */,
			);
			defaultConfigurationIsVisible = 0;
			defaultConfigurationName = Release;
		};
		0FD531621C8C777300C4657A /* Build configuration list for PBXNativeTarget "Illinois Trivia" */ = {
			isa = XCConfigurationList;
			buildConfigurations = (
				0FD531631C8C777300C4657A /* Debug */,
				0FD531641C8C777300C4657A /* Release */,
			);
			defaultConfigurationIsVisible = 0;
		};
		0FD531651C8C777300C4657A /* Build configuration list for PBXNativeTarget "Illinois TriviaTests" */ = {
			isa = XCConfigurationList;
			buildConfigurations = (
				0FD531661C8C777300C4657A /* Debug */,
				0FD531671C8C777300C4657A /* Release */,
			);
			defaultConfigurationIsVisible = 0;
		};
		0FD531681C8C777300C4657A /* Build configuration list for PBXNativeTarget "Illinois TriviaUITests" */ = {
			isa = XCConfigurationList;
			buildConfigurations = (
				0FD531691C8C777300C4657A /* Debug */,
				0FD5316A1C8C777300C4657A /* Release */,
			);
			defaultConfigurationIsVisible = 0;
		};
/* End XCConfigurationList section */
	};
	rootObject = 0FD531321C8C777300C4657A /* Project object */;
}
